
Microsoft Visual Studio Solution File, Format Version 12.00
Project("{FAE04EC0-301F-11D3-BF4B-00C04F79EFBC}") = "Osrs.Simulator.Domain", "Osrs.Simulator.Domain\Osrs.Simulator.Domain.csproj", "{FBDDA5D8-5016-4E40-9C30-7E8A651791B2}"
EndProject
Project("{FAE04EC0-301F-11D3-BF4B-00C04F79EFBC}") = "Osrs.Simulator.Console", "Osrs.Simulator.Console\Osrs.Simulator.Console.csproj", "{B7DA6B22-38E1-4615-90D6-5A8BC20BC038}"
EndProject
Global
	GlobalSection(SolutionConfigurationPlatforms) = preSolution
		Debug|Any CPU = Debug|Any CPU
		Release|Any CPU = Release|Any CPU
	EndGlobalSection
	GlobalSection(ProjectConfigurationPlatforms) = postSolution
		{FBDDA5D8-5016-4E40-9C30-7E8A651791B2}.Debug|Any CPU.ActiveCfg = Debug|Any CPU
		{FBDDA5D8-5016-4E40-9C30-7E8A651791B2}.Debug|Any CPU.Build.0 = Debug|Any CPU
		{FBDDA5D8-5016-4E40-9C30-7E8A651791B2}.Release|Any CPU.ActiveCfg = Release|Any CPU
		{FBDDA5D8-5016-4E40-9C30-7E8A651791B2}.Release|Any CPU.Build.0 = Release|Any CPU
		{B7DA6B22-38E1-4615-90D6-5A8BC20BC038}.Debug|Any CPU.ActiveCfg = Debug|Any CPU
		{B7DA6B22-38E1-4615-90D6-5A8BC20BC038}.Debug|Any CPU.Build.0 = Debug|Any CPU
		{B7DA6B22-38E1-4615-90D6-5A8BC20BC038}.Release|Any CPU.ActiveCfg = Release|Any CPU
		{B7DA6B22-38E1-4615-90D6-5A8BC20BC038}.Release|Any CPU.Build.0 = Release|Any CPU
	EndGlobalSection
EndGlobal
